
Microsoft Visual Studio Solution File, Format Version 12.00
# Visual Studio 15
VisualStudioVersion = 15.0.28307.852
MinimumVisualStudioVersion = 10.0.40219.1
Project("{FAE04EC0-301F-11D3-BF4B-00C04F79EFBC}") = "HP_log_nhapi", "HP_log_nhapi\HP_log_nhapi.csproj", "{B7897539-EA72-40A4-B024-E3A4619E0E21}"
EndProject
Global
	GlobalSection(SolutionConfigurationPlatforms) = preSolution
		Debug|Any CPU = Debug|Any CPU
		Release|Any CPU = Release|Any CPU
	EndGlobalSection
	GlobalSection(ProjectConfigurationPlatforms) = postSolution
		{B7897539-EA72-40A4-B024-E3A4619E0E21}.Debug|Any CPU.ActiveCfg = Debug|Any CPU
		{B7897539-EA72-40A4-B024-E3A4619E0E21}.Debug|Any CPU.Build.0 = Debug|Any CPU
		{B7897539-EA72-40A4-B024-E3A4619E0E21}.Release|Any CPU.ActiveCfg = Release|Any CPU
		{B7897539-EA72-40A4-B024-E3A4619E0E21}.Release|Any CPU.Build.0 = Release|Any CPU
	EndGlobalSection
	GlobalSection(SolutionProperties) = preSolution
		HideSolutionNode = FALSE
	EndGlobalSection
	GlobalSection(ExtensibilityGlobals) = postSolution
		SolutionGuid = {2F80165B-7F1D-432C-8887-65300D4EB491}
	EndGlobalSection
EndGlobal
